
Microsoft Visual Studio Solution File, Format Version 12.00
# Visual Studio Version 17
VisualStudioVersion = 17.4.33103.184
MinimumVisualStudioVersion = 10.0.40219.1
Project("{9A19103F-16F7-4668-BE54-9A1E7A4F7556}") = "TestApp.WebApi", "TestApp.WebApi\TestApp.WebApi.csproj", "{9A84E4B1-4E04-42D8-948D-0CD69F7B62BB}"
EndProject
Project("{9A19103F-16F7-4668-BE54-9A1E7A4F7556}") = "TestApp.WebUI", "TestApp.WebUI\TestApp.WebUI.csproj", "{4613F13C-95A3-40A1-939D-98039FF38A44}"
EndProject
Project("{E53339B2-1760-4266-BCC7-CA923CBCF16C}") = "docker-compose", "docker-compose.dcproj", "{9CE2AA28-32CF-43FC-AED5-C89410F18630}"
EndProject
Project("{2150E333-8FDC-42A3-9474-1A3956D46DE8}") = "Solution Items", "Solution Items", "{040C4ED3-383A-422F-8022-69FB68953E77}"
	ProjectSection(SolutionItems) = preProject
		mydep.yaml = mydep.yaml
		myservice.yaml = myservice.yaml
	EndProjectSection
EndProject
Global
	GlobalSection(SolutionConfigurationPlatforms) = preSolution
		Debug|Any CPU = Debug|Any CPU
		Release|Any CPU = Release|Any CPU
	EndGlobalSection
	GlobalSection(ProjectConfigurationPlatforms) = postSolution
		{9A84E4B1-4E04-42D8-948D-0CD69F7B62BB}.Debug|Any CPU.ActiveCfg = Debug|Any CPU
		{9A84E4B1-4E04-42D8-948D-0CD69F7B62BB}.Debug|Any CPU.Build.0 = Debug|Any CPU
		{9A84E4B1-4E04-42D8-948D-0CD69F7B62BB}.Release|Any CPU.ActiveCfg = Release|Any CPU
		{9A84E4B1-4E04-42D8-948D-0CD69F7B62BB}.Release|Any CPU.Build.0 = Release|Any CPU
		{4613F13C-95A3-40A1-939D-98039FF38A44}.Debug|Any CPU.ActiveCfg = Debug|Any CPU
		{4613F13C-95A3-40A1-939D-98039FF38A44}.Debug|Any CPU.Build.0 = Debug|Any CPU
		{4613F13C-95A3-40A1-939D-98039FF38A44}.Release|Any CPU.ActiveCfg = Release|Any CPU
		{4613F13C-95A3-40A1-939D-98039FF38A44}.Release|Any CPU.Build.0 = Release|Any CPU
		{9CE2AA28-32CF-43FC-AED5-C89410F18630}.Debug|Any CPU.ActiveCfg = Debug|Any CPU
		{9CE2AA28-32CF-43FC-AED5-C89410F18630}.Debug|Any CPU.Build.0 = Debug|Any CPU
		{9CE2AA28-32CF-43FC-AED5-C89410F18630}.Release|Any CPU.ActiveCfg = Release|Any CPU
		{9CE2AA28-32CF-43FC-AED5-C89410F18630}.Release|Any CPU.Build.0 = Release|Any CPU
	EndGlobalSection
	GlobalSection(SolutionProperties) = preSolution
		HideSolutionNode = FALSE
	EndGlobalSection
	GlobalSection(ExtensibilityGlobals) = postSolution
		SolutionGuid = {FCAF81AA-0791-4B1F-8669-16A561143B4A}
	EndGlobalSection
EndGlobal
